
Microsoft Visual Studio Solution File, Format Version 12.00
# Visual Studio Version 17
VisualStudioVersion = 17.5.002.0
MinimumVisualStudioVersion = 10.0.40219.1
Project("{9A19103F-16F7-4668-BE54-9A1E7A4F7556}") = "InsertionSort", "InsertionSort.csproj", "{43A062BC-8121-427A-A74D-4B950566419D}"
EndProject
Global
	GlobalSection(SolutionConfigurationPlatforms) = preSolution
		Debug|Any CPU = Debug|Any CPU
		Release|Any CPU = Release|Any CPU
	EndGlobalSection
	GlobalSection(ProjectConfigurationPlatforms) = postSolution
		{43A062BC-8121-427A-A74D-4B950566419D}.Debug|Any CPU.ActiveCfg = Debug|Any CPU
		{43A062BC-8121-427A-A74D-4B950566419D}.Debug|Any CPU.Build.0 = Debug|Any CPU
		{43A062BC-8121-427A-A74D-4B950566419D}.Release|Any CPU.ActiveCfg = Release|Any CPU
		{43A062BC-8121-427A-A74D-4B950566419D}.Release|Any CPU.Build.0 = Release|Any CPU
	EndGlobalSection
	GlobalSection(SolutionProperties) = preSolution
		HideSolutionNode = FALSE
	EndGlobalSection
	GlobalSection(ExtensibilityGlobals) = postSolution
		SolutionGuid = {5924D2DA-9D40-4D1D-8BFB-452C4B718177}
	EndGlobalSection
EndGlobal
