
Microsoft Visual Studio Solution File, Format Version 12.00
# Visual Studio Version 17
VisualStudioVersion = 17.5.002.0
MinimumVisualStudioVersion = 10.0.40219.1
Project("{9A19103F-16F7-4668-BE54-9A1E7A4F7556}") = "ListaGenerica", "ListaGenerica.csproj", "{076548BD-C32D-4797-9970-8C12E3FC0525}"
EndProject
Global
	GlobalSection(SolutionConfigurationPlatforms) = preSolution
		Debug|Any CPU = Debug|Any CPU
		Release|Any CPU = Release|Any CPU
	EndGlobalSection
	GlobalSection(ProjectConfigurationPlatforms) = postSolution
		{076548BD-C32D-4797-9970-8C12E3FC0525}.Debug|Any CPU.ActiveCfg = Debug|Any CPU
		{076548BD-C32D-4797-9970-8C12E3FC0525}.Debug|Any CPU.Build.0 = Debug|Any CPU
		{076548BD-C32D-4797-9970-8C12E3FC0525}.Release|Any CPU.ActiveCfg = Release|Any CPU
		{076548BD-C32D-4797-9970-8C12E3FC0525}.Release|Any CPU.Build.0 = Release|Any CPU
	EndGlobalSection
	GlobalSection(SolutionProperties) = preSolution
		HideSolutionNode = FALSE
	EndGlobalSection
	GlobalSection(ExtensibilityGlobals) = postSolution
		SolutionGuid = {37AE4EC1-D37B-4E3E-BFA3-1D88BF68A4AD}
	EndGlobalSection
EndGlobal
