
Microsoft Visual Studio Solution File, Format Version 12.00
# Visual Studio Version 17
VisualStudioVersion = 17.5.002.0
MinimumVisualStudioVersion = 10.0.40219.1
Project("{9A19103F-16F7-4668-BE54-9A1E7A4F7556}") = "BubbleSort", "BubbleSort.csproj", "{28528531-8791-4EC6-B850-AE62ADCCCFDB}"
EndProject
Global
	GlobalSection(SolutionConfigurationPlatforms) = preSolution
		Debug|Any CPU = Debug|Any CPU
		Release|Any CPU = Release|Any CPU
	EndGlobalSection
	GlobalSection(ProjectConfigurationPlatforms) = postSolution
		{28528531-8791-4EC6-B850-AE62ADCCCFDB}.Debug|Any CPU.ActiveCfg = Debug|Any CPU
		{28528531-8791-4EC6-B850-AE62ADCCCFDB}.Debug|Any CPU.Build.0 = Debug|Any CPU
		{28528531-8791-4EC6-B850-AE62ADCCCFDB}.Release|Any CPU.ActiveCfg = Release|Any CPU
		{28528531-8791-4EC6-B850-AE62ADCCCFDB}.Release|Any CPU.Build.0 = Release|Any CPU
	EndGlobalSection
	GlobalSection(SolutionProperties) = preSolution
		HideSolutionNode = FALSE
	EndGlobalSection
	GlobalSection(ExtensibilityGlobals) = postSolution
		SolutionGuid = {B87EA819-ED9D-4E73-B62E-753A948A7E40}
	EndGlobalSection
EndGlobal
